
Microsoft Visual Studio Solution File, Format Version 12.00
# Visual Studio 15
VisualStudioVersion = 15.0.28307.539
MinimumVisualStudioVersion = 10.0.40219.1
Project("{8BC9CEB8-8B4A-11D0-8D11-00A0C91BC942}") = "ClothShop", "ClothShop\ClothShop.vcxproj", "{C66008B1-ABBE-4A19-B39C-794B90864C3A}"
EndProject
Global
	GlobalSection(SolutionConfigurationPlatforms) = preSolution
		Debug|x64 = Debug|x64
		Debug|x86 = Debug|x86
		Release|x64 = Release|x64
		Release|x86 = Release|x86
	EndGlobalSection
	GlobalSection(ProjectConfigurationPlatforms) = postSolution
		{C66008B1-ABBE-4A19-B39C-794B90864C3A}.Debug|x64.ActiveCfg = Debug|x64
		{C66008B1-ABBE-4A19-B39C-794B90864C3A}.Debug|x64.Build.0 = Debug|x64
		{C66008B1-ABBE-4A19-B39C-794B90864C3A}.Debug|x86.ActiveCfg = Debug|Win32
		{C66008B1-ABBE-4A19-B39C-794B90864C3A}.Debug|x86.Build.0 = Debug|Win32
		{C66008B1-ABBE-4A19-B39C-794B90864C3A}.Release|x64.ActiveCfg = Release|x64
		{C66008B1-ABBE-4A19-B39C-794B90864C3A}.Release|x64.Build.0 = Release|x64
		{C66008B1-ABBE-4A19-B39C-794B90864C3A}.Release|x86.ActiveCfg = Release|Win32
		{C66008B1-ABBE-4A19-B39C-794B90864C3A}.Release|x86.Build.0 = Release|Win32
	EndGlobalSection
	GlobalSection(SolutionProperties) = preSolution
		HideSolutionNode = FALSE
	EndGlobalSection
	GlobalSection(ExtensibilityGlobals) = postSolution
		SolutionGuid = {583F147A-1B19-4FBD-921C-806453344A18}
	EndGlobalSection
EndGlobal
